# This file is generated by running "yarn install" inside your project.
# Manual changes might be lost - proceed with caution!

__metadata:
  version: 4
  cacheKey: 7

"@openfn/core@npm:1.4.0":
  version: 1.4.0
  resolution: "@openfn/core@npm:1.4.0"
  dependencies:
    acorn: ^8.0.5
    ast-types: ^0.14.2
    doclet-query: "github:openfn/doclet-query#v0.1.0"
    estemplate: ^0.5.1
    fast-safe-stringify: ^2.0.7
    mitm: ^1.3.2
    recast: 0.19.0
    vm2: ^3.9.2
    yargs: ^16.2.0
  bin:
    core: bin/core
  checksum: 05b12c03859eeee287e9ba5928f8740fc5e457c5c9597770b8ee7048f596ef39529126db961f52eee90cee4bfba5232f77fcbfee03aeb4e4f29387c37a2c1523
  languageName: node
  linkType: hard

"@openfn/language-common@npm:1.2.5":
  version: 1.2.5
  resolution: "@openfn/language-common@npm:1.2.5"
  dependencies:
    axios: ^0.21.1
    jsonpath-plus: ^4.0.0
    lodash: ^4.17.19
  checksum: 29d66c77a43b918fca49f28cee8e33d7f4eee2727d11b26af4768bd00e1b82f317689d7e369acb19556a726a25dbe74fd5c33f6f06b4fd2c5f8da95a64d8ed5a
  languageName: node
  linkType: hard

"@openfn/language-http@npm:^3.1.5":
  version: 3.1.5
  resolution: "@openfn/language-http@npm:3.1.5"
  dependencies:
    "@openfn/language-common": 1.2.5
    cheerio: ^1.0.0-rc.3
    cheerio-tableparser: ^1.0.1
    csv-parse: ^4.10.1
    fast-safe-stringify: ^2.0.7
    form-data: ^3.0.0
    import: 0.0.6
    lodash: ^4.17.19
    request: ^2.88.2
    tough-cookie: ^4.0.0
  checksum: 5d1609dd6044fe67b0186536ff6cdfea46c3918298feec253cf0fb38a79de40e5c6e64b75f1117098083bfcb929a75c8789ba0d344e123491eb10279d3211bb3
  languageName: node
  linkType: hard

"@types/retry@npm:^0.12.0":
  version: 0.12.0
  resolution: "@types/retry@npm:0.12.0"
  checksum: 0755164f2c8d615a0385609c478aaa20b17e55bc8b16d5d56ffe6a5d30b0a9845d49452a2e8903ec7c43fa361f19daf5e68c60e7381ad10a95dd3d0bb5c9f7fd
  languageName: node
  linkType: hard

"acorn@npm:^8.0.5":
  version: 8.2.1
  resolution: "acorn@npm:8.2.1"
  bin:
    acorn: bin/acorn
  checksum: 42211d025f083c4bbf02a0d9484a06b30e8e20f11034a64008a0ef8381617f072e8f6b7983f86feeab017d0ffda3f4d3dc2c46e5b8c5ef93b939c0c8750db3d6
  languageName: node
  linkType: hard

"ajv@npm:^6.12.3":
  version: 6.12.6
  resolution: "ajv@npm:6.12.6"
  dependencies:
    fast-deep-equal: ^3.1.1
    fast-json-stable-stringify: ^2.0.0
    json-schema-traverse: ^0.4.1
    uri-js: ^4.2.2
  checksum: 19a8f3b0a06001eb68e6268f4f9f04424b32baadd5df6ba8292cd473e22e5f4019ed9ab17c3e3510394178ed8bef9b42ad0bdb5c675d65f042421a774780ce1a
  languageName: node
  linkType: hard

"ansi-regex@npm:^5.0.0":
  version: 5.0.0
  resolution: "ansi-regex@npm:5.0.0"
  checksum: cbd9b5c9dbbb4a949c2a6e93f1c6cc19f0683d8a4724d08d2158627be6d373f0f3ba1f4ada01dce7ee141f2ba2628fbbd29932c7d49926e3b630c7f329f3178b
  languageName: node
  linkType: hard

"ansi-styles@npm:^4.0.0":
  version: 4.3.0
  resolution: "ansi-styles@npm:4.3.0"
  dependencies:
    color-convert: ^2.0.1
  checksum: ea02c0179f3dd089a161f5fdd7ccd89dd84f31d82b68869f1134bf5c5b9e1313dadd2ff9edb02b44f46243f285ef5b785f6cb61c84a293694221417c42934407
  languageName: node
  linkType: hard

"asn1@npm:~0.2.3":
  version: 0.2.4
  resolution: "asn1@npm:0.2.4"
  dependencies:
    safer-buffer: ~2.1.0
  checksum: 5743ace942e2faa0b72f3b14bf1826509c5ca707ea150c10520f52b04f90aa715cee4370ec2e6279ce1ceb7d3c472ca33270124e90b495bea4c9b02f41b9d8ac
  languageName: node
  linkType: hard

"assert-plus@npm:1.0.0, assert-plus@npm:^1.0.0":
  version: 1.0.0
  resolution: "assert-plus@npm:1.0.0"
  checksum: 1bda24f67343ccb75a7eee31179c92cf9f79bd6f6bc24101b0ce1495ef979376dd9b0f9b9064812bba564cdade5fbf851ed76b4a44b5e141d49cdaee6ffed6b2
  languageName: node
  linkType: hard

"ast-types@npm:0.13.3":
  version: 0.13.3
  resolution: "ast-types@npm:0.13.3"
  checksum: 684ff566539c6a3812480e6ad8e7484472bfed78e0abcd3f18c0618b2f49360e930b9adc8a22d5d372084a3a1074d7ae45c1e1fa3394ee878c5df4e8befb58d8
  languageName: node
  linkType: hard

"ast-types@npm:^0.14.2":
  version: 0.14.2
  resolution: "ast-types@npm:0.14.2"
  dependencies:
    tslib: ^2.0.1
  checksum: 42bb8a72ce90e3cf726220f93f772ff136aa857d99c1cb6b1fb2bdfa9369b15de54cd9d1ed17ba903a5ef82081676704b93f03eccd1335d7c71da3c5dac88109
  languageName: node
  linkType: hard

"asynckit@npm:^0.4.0":
  version: 0.4.0
  resolution: "asynckit@npm:0.4.0"
  checksum: a024000b9ddd938e2f27b3cb8188f96a5e1fff58185e98b84862fc4e01de279a547874a800340c2b106bb9de9b0fc61c6c683bc6892abf65e6be29a96addafd3
  languageName: node
  linkType: hard

"aws-sign2@npm:~0.7.0":
  version: 0.7.0
  resolution: "aws-sign2@npm:0.7.0"
  checksum: 7162b9b8fbd4cf451bd889b0ed27fc895f88e6a6cb5c5609de49759ea1a6e31646f86ca8e18d90bea0455c4caa466fc9692c1098a1784d2372a358cb68c1eea6
  languageName: node
  linkType: hard

"aws4@npm:^1.8.0":
  version: 1.11.0
  resolution: "aws4@npm:1.11.0"
  checksum: d30dce2b73839974894d8283a06c53e8374b74d643d3b08340d84c364e01158be011fcfd1a88f8462be946d69055313a3038202f2eafd155b039aaab3549ba21
  languageName: node
  linkType: hard

"axios@npm:^0.21.1":
  version: 0.21.1
  resolution: "axios@npm:0.21.1"
  dependencies:
    follow-redirects: ^1.10.0
  checksum: 864fb7b5d077d236737f10adca53bf451a93f35a15271f56fba8da07265a02d26b7d881b935a6697dc6adb0549ea3e56d2eecb403edaa3bb78f6479901c10f69
  languageName: node
  linkType: hard

"bcrypt-pbkdf@npm:^1.0.0":
  version: 1.0.2
  resolution: "bcrypt-pbkdf@npm:1.0.2"
  dependencies:
    tweetnacl: ^0.14.3
  checksum: 3f57eb99bbc02352f68ff31e446997f4d21cc9a5e5286449dc1fe0116ec5dac5a4aa538967d45714fa9320312d2be8d16126f2d357da1dd40a3d546b96e097ed
  languageName: node
  linkType: hard

"boolbase@npm:^1.0.0":
  version: 1.0.0
  resolution: "boolbase@npm:1.0.0"
  checksum: e827963c416fdb1dbcd57e066a43c40829518f4dcdc9f58ed04519daeebb610adacbb6cf102518bda9f08be593c5b1b49a83e36bf6b7d91b3403f7e35510eeae
  languageName: node
  linkType: hard

"caseless@npm:~0.12.0":
  version: 0.12.0
  resolution: "caseless@npm:0.12.0"
  checksum: 147f48bff9bebf029d7050e2335da3f8d295f26d157edf08d8c3282c804dae04a462c4cd6efa8179755686aa3aeaca5c28f3e7f3559698bc0484c65e46c36c5b
  languageName: node
  linkType: hard

"cheerio-select@npm:^1.3.0":
  version: 1.4.0
  resolution: "cheerio-select@npm:1.4.0"
  dependencies:
    css-select: ^4.1.2
    css-what: ^5.0.0
    domelementtype: ^2.2.0
    domhandler: ^4.2.0
    domutils: ^2.6.0
  checksum: e36fe92681e7987e3c23b16915c25538daa644ae870ef0eee0fbec1bc108d147a1c1a2e356a6e6b6aeba8156fe076ab13e6a3557598acfeb44fbe65f3be9beb3
  languageName: node
  linkType: hard

"cheerio-tableparser@npm:^1.0.1":
  version: 1.0.1
  resolution: "cheerio-tableparser@npm:1.0.1"
  checksum: 04466af0e48a5712562f8677859aa84a4750e13d869ca98414dd93d9df42c30f5e5082d5d566fb3e849a46feeddb8547448a41e0bdefd78f6caa9755e441ebe4
  languageName: node
  linkType: hard

"cheerio@npm:^1.0.0-rc.3":
  version: 1.0.0-rc.6
  resolution: "cheerio@npm:1.0.0-rc.6"
  dependencies:
    cheerio-select: ^1.3.0
    dom-serializer: ^1.3.1
    domhandler: ^4.1.0
    htmlparser2: ^6.1.0
    parse5: ^6.0.1
    parse5-htmlparser2-tree-adapter: ^6.0.1
  checksum: 75778a0f749972322a36107622ed5b9d1888dc7bc01809bb1f94ef9b095a410ae8ca91a91a66c23682cc1742ef0d3346040c24306aa89cdcfdcc64f2e42ff628
  languageName: node
  linkType: hard

"cliui@npm:^7.0.2":
  version: 7.0.4
  resolution: "cliui@npm:7.0.4"
  dependencies:
    string-width: ^4.2.0
    strip-ansi: ^6.0.0
    wrap-ansi: ^7.0.0
  checksum: c49ac1d13f6dda4beaa11b26f62867e0e9892eb985951187d7c691793e0fe08b9bc15cedfaf4dc6d2e9a4d1516704c0c9dcb671ebcd758dbabb18b5d757fbdb5
  languageName: node
  linkType: hard

"color-convert@npm:^2.0.1":
  version: 2.0.1
  resolution: "color-convert@npm:2.0.1"
  dependencies:
    color-name: ~1.1.4
  checksum: 3d5d8a011a43012ca11b6d739049ecf2055d95582fd16ec44bf1e685eb0baa5cc652002be8a1dc92b429c8d87418287d0528266a7595cb1ad8a7f4f1d3049df2
  languageName: node
  linkType: hard

"color-name@npm:~1.1.4":
  version: 1.1.4
  resolution: "color-name@npm:1.1.4"
  checksum: 3e1c9a4dee12eada307436f61614dd11fe300469db2b83f80c8b7a7cd8a1015f0f18dd13403f018927b249003777ff60baba4a03c65f12e6bddc0dfd9642021f
  languageName: node
  linkType: hard

"combined-stream@npm:^1.0.6, combined-stream@npm:^1.0.8, combined-stream@npm:~1.0.6":
  version: 1.0.8
  resolution: "combined-stream@npm:1.0.8"
  dependencies:
    delayed-stream: ~1.0.0
  checksum: 5791ce7944530f0db74a97e77ea28b6fdbf89afcf038e41d6b4195019c4c803cd19ed2905a54959e5b3830d50bd5d6f93c681c6d3aaea8614ad43b48e62e9d65
  languageName: node
  linkType: hard

"core-util-is@npm:1.0.2":
  version: 1.0.2
  resolution: "core-util-is@npm:1.0.2"
  checksum: 089015ee3c462dfceba70faa1df83b42a7bb35db26dae6af283247b06fe3216c65fccd9f00eebcaf98300dc31e981d56aae9f90b624f8f6ff1153e235ff88b65
  languageName: node
  linkType: hard

"cross-spawn@npm:^7.0.3":
  version: 7.0.3
  resolution: "cross-spawn@npm:7.0.3"
  dependencies:
    path-key: ^3.1.0
    shebang-command: ^2.0.0
    which: ^2.0.1
  checksum: 51f10036f5f1de781be98f4738d58b50c6d44f4f471069b8ab075b21605893ba1548654880f7310a29a732d6fc7cd481da6026169b9f0831cab0148a62fb397a
  languageName: node
  linkType: hard

"css-select@npm:^4.1.2":
  version: 4.1.2
  resolution: "css-select@npm:4.1.2"
  dependencies:
    boolbase: ^1.0.0
    css-what: ^5.0.0
    domhandler: ^4.2.0
    domutils: ^2.6.0
    nth-check: ^2.0.0
  checksum: fccd24173473d5a3d8f342c1e5646068bab7a196b95023da37d7bde36612a3ed02ba98a15558fe7a8130e184801670021632a3d3bb4fa417abd952f5de5a413d
  languageName: node
  linkType: hard

"css-what@npm:^5.0.0":
  version: 5.0.0
  resolution: "css-what@npm:5.0.0"
  checksum: e41b63a3ebed7bbf6fc97ace63c06ddad44da3399a65e2d8075715ffe1a24aceb223badbf219c93aa7c64938872964b9f8fe5854379c6f089b306b5e9e91867b
  languageName: node
  linkType: hard

"csv-parse@npm:^4.10.1":
  version: 4.15.4
  resolution: "csv-parse@npm:4.15.4"
  checksum: 04bdb9a5d45c70cbaa59a7e5811841562a7414c701d892a9364631d6a3cbf645358b41be5a2b45838a76a955ed33e2e8b8ebb21705923650838bfb08119e9d9d
  languageName: node
  linkType: hard

"dashdash@npm:^1.12.0":
  version: 1.14.1
  resolution: "dashdash@npm:1.14.1"
  dependencies:
    assert-plus: ^1.0.0
  checksum: 5959409ee42dc4bdbf3fa384b801ece580ca336658bb0342ffab0099b3fc6bf9b3e239e1b82dcc4fcaeee315353e08f2eae47b0928a6a579391598c44958afa1
  languageName: node
  linkType: hard

"delayed-stream@npm:~1.0.0":
  version: 1.0.0
  resolution: "delayed-stream@npm:1.0.0"
  checksum: d9dfb0a7c79fd308fada9db2cf29d1ff22047ceb50dd78f7e3c173567909b438f418259cb76a6d9c9f513e88ef41d3a14154f618741ec8368c3efeff616d0c9f
  languageName: node
  linkType: hard

"doclet-query@github:openfn/doclet-query#v0.1.0":
  version: 0.0.1
  resolution: "doclet-query@https://github.com/openfn/doclet-query.git#commit=0035a197b2e99ac724638b05763495f11269e5c4"
  dependencies:
    lodash: ^4.13.1
  checksum: d5a428dfc97768370357a42ac57807269a2636403997b4c22c7335c99d27eebda10f517bdcea66f4a38bb19a15ada1a62bbb65fdd5fe080d24dbf820ed1ded77
  languageName: node
  linkType: hard

"dom-serializer@npm:^1.0.1, dom-serializer@npm:^1.3.1":
  version: 1.3.1
  resolution: "dom-serializer@npm:1.3.1"
  dependencies:
    domelementtype: ^2.0.1
    domhandler: ^4.0.0
    entities: ^2.0.0
  checksum: b5260cc10372a0a36661c429fa4bf351930ee130ca4370bad99a9440bda34f43e592190e6bff060957d1f38f11945991fe95a6fb043ef99dcdd8107e8c31d755
  languageName: node
  linkType: hard

"domelementtype@npm:^2.0.1, domelementtype@npm:^2.2.0":
  version: 2.2.0
  resolution: "domelementtype@npm:2.2.0"
  checksum: 70af22cd69a8e0c0cd4fbbba0459991aacb015f60765050b4a6d1750fd201b4bd4fd1e6922e945200f9cc725cd61be1cd393a3b9b576187759e3b046f33a4a30
  languageName: node
  linkType: hard

"domhandler@npm:^4.0.0, domhandler@npm:^4.1.0, domhandler@npm:^4.2.0":
  version: 4.2.0
  resolution: "domhandler@npm:4.2.0"
  dependencies:
    domelementtype: ^2.2.0
  checksum: 1bdb0ae6b9a93f4a2e8a77da304a435bfd35af0e52c5208f24277093b7fa2e6084cdbd4eb7fdd5c0ca5bf2c67736a19b258fe9e61588f4c49eaa0abde8d3595d
  languageName: node
  linkType: hard

"domutils@npm:^2.5.2, domutils@npm:^2.6.0":
  version: 2.6.0
  resolution: "domutils@npm:2.6.0"
  dependencies:
    dom-serializer: ^1.0.1
    domelementtype: ^2.2.0
    domhandler: ^4.2.0
  checksum: 9da918510929e787d029034986287760f304ce089bdc3538482a3eee3e50abe9c055fa0c44f4366117efb8323615bd0228bdcbb0ca9799f80f7d3c2fc4df20ba
  languageName: node
  linkType: hard

"ecc-jsbn@npm:~0.1.1":
  version: 0.1.2
  resolution: "ecc-jsbn@npm:0.1.2"
  dependencies:
    jsbn: ~0.1.0
    safer-buffer: ^2.1.0
  checksum: 5b4dd05f24b2b94c1bb882488dba2b878bb5b83182669aa71fbdf53c6941618180cb226c4eb9a3e2fa51ad11f87b5edb0a7d7289cdef468ba2e6024542f73f07
  languageName: node
  linkType: hard

"emoji-regex@npm:^8.0.0":
  version: 8.0.0
  resolution: "emoji-regex@npm:8.0.0"
  checksum: 87cf3f89efb8ba028075b3dc1713e2c5609af94cbc129b1f00c3113d01dbe4bf85c9d971e75a98bf8a8508131727682ce929e4bd70e9022af4fd47d75e9507de
  languageName: node
  linkType: hard

"entities@npm:^2.0.0":
  version: 2.2.0
  resolution: "entities@npm:2.2.0"
  checksum: ebd62621a15a13f4e914322cf8b1d4aeb224fa5365910d8899615835dada8b1349dea77bbcd4db2eea100845de313c46303accafece669d929d64ebcc90f4517
  languageName: node
  linkType: hard

"escalade@npm:^3.1.1":
  version: 3.1.1
  resolution: "escalade@npm:3.1.1"
  checksum: 1e31ff50d66f47cd0dfffa702061127116ccf9886d1f54a802a7b3bc95b94cab0cbf5b145cc5ac199036df6fd9d1bb24af1fa1bfed87c94879e950fbee5f86d1
  languageName: node
  linkType: hard

"esprima@npm:^2.7.2":
  version: 2.7.3
  resolution: "esprima@npm:2.7.3"
  bin:
    esparse: ./bin/esparse.js
    esvalidate: ./bin/esvalidate.js
  checksum: 9a7512eaf10126809861afb92642ed076730cb2074c58a6e8132bceba1d5d56f59f9f0ad0c1be284fbafd322781d6a68249d983734f88f8897d952fab7cac081
  languageName: node
  linkType: hard

"esprima@npm:~4.0.0":
  version: 4.0.1
  resolution: "esprima@npm:4.0.1"
  bin:
    esparse: ./bin/esparse.js
    esvalidate: ./bin/esvalidate.js
  checksum: 5df45a3d9c95c36800d028ba76d8d4e04e199932b58c2939f462f859fd583e7d39b4a12d3f97986cf272a28a5fe5948ee6e49e36ef63f67b5b48d82a635c5081
  languageName: node
  linkType: hard

"estemplate@npm:^0.5.1":
  version: 0.5.1
  resolution: "estemplate@npm:0.5.1"
  dependencies:
    esprima: ^2.7.2
    estraverse: ^4.1.1
  checksum: 4c4bd466cbd57f3f6a8ceeafa48c710dbdff431e9dc65407e5326069e9bc4a1d7fa65569daefb14d58097e349c514c214b31e085cd6d1561a0557a50a67ee07c
  languageName: node
  linkType: hard

"estraverse@npm:^4.1.1":
  version: 4.3.0
  resolution: "estraverse@npm:4.3.0"
  checksum: 1e4c627da9e9af07bf7b2817320f606841808fb2ec0cbd81097b30d5f90d8613288b3e523153babe04615d59b54ef876d98f0ca27488b6c0934dacd725a8d338
  languageName: node
  linkType: hard

"execa@npm:^5.0.0":
  version: 5.0.0
  resolution: "execa@npm:5.0.0"
  dependencies:
    cross-spawn: ^7.0.3
    get-stream: ^6.0.0
    human-signals: ^2.1.0
    is-stream: ^2.0.0
    merge-stream: ^2.0.0
    npm-run-path: ^4.0.1
    onetime: ^5.1.2
    signal-exit: ^3.0.3
    strip-final-newline: ^2.0.0
  checksum: bf9664702c981ae922ce465bc60d9bfd583e9ad47ab1a89168665e1fb330cc72f7080fda606bac85454bdc341198f454072018e616f0d03aa1e4b671ef04b94e
  languageName: node
  linkType: hard

"extend@npm:~3.0.2":
  version: 3.0.2
  resolution: "extend@npm:3.0.2"
  checksum: 1406da1f0c4b00b839497e4cdd0ec4303ce2ae349144b7c28064a5073c93ce8c08da4e8fb1bc5cb459ffcdff30a35fc0fe54344eb88320e70100c1baea6f195c
  languageName: node
  linkType: hard

"extsprintf@npm:1.3.0":
  version: 1.3.0
  resolution: "extsprintf@npm:1.3.0"
  checksum: 892efd56aa9b27cbfbca42ad0c59308633f66000e71d1fb19c6989ea7309b32f3ff281778871bd2ce9bc7f3ad02515aa2783cea0323d0f6ff840b7c6a6a4603e
  languageName: node
  linkType: hard

"extsprintf@npm:^1.2.0":
  version: 1.4.0
  resolution: "extsprintf@npm:1.4.0"
  checksum: 092e011574324c5cddd78b5a27f869c2703613c1140eb7763aef8f5b0e33769a9b4c7dbcc50acd39b6afebe79bf66adcec73bf3c84e095c5bcfb42306d128ad0
  languageName: node
  linkType: hard

"fast-deep-equal@npm:^3.1.1":
  version: 3.1.3
  resolution: "fast-deep-equal@npm:3.1.3"
  checksum: 451526766b219503131d11e823eaadd1533080b0be4860e316670b039dcaf31cd1007c2fe036a9b922abba7c040dfad5e942ed79d21f2ff849e50049f36e0fb7
  languageName: node
  linkType: hard

"fast-json-stable-stringify@npm:^2.0.0":
  version: 2.1.0
  resolution: "fast-json-stable-stringify@npm:2.1.0"
  checksum: 7df3fabfe445d65953b2d9d9d3958bd895438b215a40fb87dae8b2165c5169a897785eb5d51e6cf0eb03523af756e3d82ea01083f6ac6341fe16db532fee3016
  languageName: node
  linkType: hard

"fast-safe-stringify@npm:^2.0.7":
  version: 2.0.7
  resolution: "fast-safe-stringify@npm:2.0.7"
  checksum: 7bd22543263b707870d70c6f2336b6e8563e34d6807dc388cc0566895e31e0a8273af017a7eb1c9538d0ef54288284e1c0585b557bd856491295a847159fd929
  languageName: node
  linkType: hard

"follow-redirects@npm:^1.10.0":
  version: 1.14.0
  resolution: "follow-redirects@npm:1.14.0"
  peerDependenciesMeta:
    debug:
      optional: true
  checksum: 70c86697f20d0220a26e3af54e9e2cbf3cc380086d945cc8d67a57c03c09ee222f727b31be1a82adafb897943e103f6b707fb91baaaffe218d758b260a4ac1a5
  languageName: node
  linkType: hard

"forever-agent@npm:~0.6.1":
  version: 0.6.1
  resolution: "forever-agent@npm:0.6.1"
  checksum: 9cc0054dd4ea5fc26e014b8c929d1fb9247e931e81165cbd965a712061d65fb84791b2124f64cd79492e516662b94068d29fe1d824732382237321b3f61955fe
  languageName: node
  linkType: hard

"form-data@npm:^3.0.0":
  version: 3.0.1
  resolution: "form-data@npm:3.0.1"
  dependencies:
    asynckit: ^0.4.0
    combined-stream: ^1.0.8
    mime-types: ^2.1.12
  checksum: 6574ff4d2d845c47ba288151a6e0573767eefdee9da358be199e0f0b66aa5c454e7d62ed5e0daef6f84167ba1e9596e064f36f206488e460ef449ef7b653cdfc
  languageName: node
  linkType: hard

"form-data@npm:~2.3.2":
  version: 2.3.3
  resolution: "form-data@npm:2.3.3"
  dependencies:
    asynckit: ^0.4.0
    combined-stream: ^1.0.6
    mime-types: ^2.1.12
  checksum: 862e686b105634222db77138d5f5ae08ba85f88c04925de5be86b2b9d03cf671d86566ad10f1dd5217634c0f1634069dfc1a663a1cc13e8fbac0ce8f670ad070
  languageName: node
  linkType: hard

"get-caller-file@npm:^2.0.5":
  version: 2.0.5
  resolution: "get-caller-file@npm:2.0.5"
  checksum: 9dd9e1e2591039ee4c38c897365b904f66f1e650a8c1cb7b7db8ce667fa63e88cc8b13282b74df9d93de481114b3304a0487880d31cd926dfda6efe71455855d
  languageName: node
  linkType: hard

"get-stream@npm:^6.0.0":
  version: 6.0.1
  resolution: "get-stream@npm:6.0.1"
  checksum: 83de1fde5b21f879b91e45c1be765f53cf041873d65aea3b5a15cd53d4bc7825118693b1f50efb5c33a5d979dd20b398b6af955ffd70a013017da933b18fa5c8
  languageName: node
  linkType: hard

"getpass@npm:^0.1.1":
  version: 0.1.7
  resolution: "getpass@npm:0.1.7"
  dependencies:
    assert-plus: ^1.0.0
  checksum: 2650725bc6939616da8432e5351ca87d8b29421bb8dc19c21bad2c37cd337d2a50d36fcc398ce0c16a075f6079afe114131780dca7e2f4b96063e53e7d28fd7a
  languageName: node
  linkType: hard

"har-schema@npm:^2.0.0":
  version: 2.0.0
  resolution: "har-schema@npm:2.0.0"
  checksum: e27ac33a968b8a3b2cc32e53afaec8aa795d08b058ef9b09b3bbce74db7ecadcabf60a6186e3bb901335d2c72bbf9e2af59429d736b5e80dc0edf18b3e1c5860
  languageName: node
  linkType: hard

"har-validator@npm:~5.1.3":
  version: 5.1.5
  resolution: "har-validator@npm:5.1.5"
  dependencies:
    ajv: ^6.12.3
    har-schema: ^2.0.0
  checksum: 01b905cdaa7632c926a962c8127a77b98387935ef3aa0b44dae871eae2592ba6da948a3bdbb3eeceb90fa1599300f16716e50147965a7ea7c4e7c4e57ac69727
  languageName: node
  linkType: hard

"htmlparser2@npm:^6.1.0":
  version: 6.1.0
  resolution: "htmlparser2@npm:6.1.0"
  dependencies:
    domelementtype: ^2.0.1
    domhandler: ^4.0.0
    domutils: ^2.5.2
    entities: ^2.0.0
  checksum: 37b0b2c0ae99aed0537f6373a6ad3dc6f19fddfd10799a75e76213458a0f754bbd3a829f075d175c9f5e3c70c7e354cb5a1dd1b582cee90e28a0845a96d524dc
  languageName: node
  linkType: hard

"http-signature@npm:~1.2.0":
  version: 1.2.0
  resolution: "http-signature@npm:1.2.0"
  dependencies:
    assert-plus: ^1.0.0
    jsprim: ^1.2.2
    sshpk: ^1.7.0
  checksum: d28227eed37cb0dae0e76c46b2a5e611c678808433e5642238f17dba7f2c9c8f8d1646122d57ec1a110ecc7e8b9f5b7aa0462f1e2a5fa3b41f2fca5a69af7edf
  languageName: node
  linkType: hard

"human-signals@npm:^2.1.0":
  version: 2.1.0
  resolution: "human-signals@npm:2.1.0"
  checksum: 70bfd94d27b8ca94f76f92f56d294694860c15264393a8ffee83f49535a08da02e477064d91e2b511cc642ec5c7922675d2babcca2b6bf6f45e4d037b632759d
  languageName: node
  linkType: hard

"import@npm:0.0.6":
  version: 0.0.6
  resolution: "import@npm:0.0.6"
  dependencies:
    optimist: 0.3.x
  bin:
    import: import
  checksum: 7f002c2e660b1274612e988ce6aeccc3346fe8cf275856befbe84b533ada263b8b1ccabe47da7e2619dabcc1fb84bc66f9f23760678e00be61367b26b7ef1838
  languageName: node
  linkType: hard

"instant-demo@workspace:.":
  version: 0.0.0-use.local
  resolution: "instant-demo@workspace:."
  dependencies:
    "@openfn/core": 1.4.0
    "@openfn/language-http": ^3.1.5
    axios: ^0.21.1
    execa: ^5.0.0
    p-retry: ^4.5.0
  languageName: unknown
  linkType: soft

"is-fullwidth-code-point@npm:^3.0.0":
  version: 3.0.0
  resolution: "is-fullwidth-code-point@npm:3.0.0"
  checksum: a01a19ecac34386ae3a4e801c5639d6e31082d1ddc418e7cd96317fef3c8b24ec8531558e9d3d35b33551ab9c5cf20bf2cdefa583927b7ff60c27c8d7c216063
  languageName: node
  linkType: hard

"is-stream@npm:^2.0.0":
  version: 2.0.0
  resolution: "is-stream@npm:2.0.0"
  checksum: f92ba04a8b8fafbade79bdaada53a044025db2fbd3fc2be978434db9a097a4afa457c2e3222c70c2ffc38854bde3a352593d6315463a54394f08ca9e51e32b50
  languageName: node
  linkType: hard

"is-typedarray@npm:~1.0.0":
  version: 1.0.0
  resolution: "is-typedarray@npm:1.0.0"
  checksum: 4e21156e7360a5916eded35c5938adf6278299a8055640864eebb251e4351cd605beccddf9af27477e19f753d453412fe0c21379bb54b55cfdf5add263076959
  languageName: node
  linkType: hard

"isexe@npm:^2.0.0":
  version: 2.0.0
  resolution: "isexe@npm:2.0.0"
  checksum: 7b437980bb77881a146fba85cfbdf01edc2b148673e9c2722a1e49661fea73adf524430a80fdbfb8ce9f60d43224e682c657c45030482bd39e0c488fc29b4afe
  languageName: node
  linkType: hard

"isstream@npm:~0.1.2":
  version: 0.1.2
  resolution: "isstream@npm:0.1.2"
  checksum: 8e6e5c4cf1823562db7035d2e7bac388412060fe9bc6727eca8c608def5aa57709165c51c2e68a2fce6ff0b64d79489501b84715060c5e8a477b87b6cbcd1eca
  languageName: node
  linkType: hard

"jsbn@npm:~0.1.0":
  version: 0.1.1
  resolution: "jsbn@npm:0.1.1"
  checksum: b530d48a64e6aff9523407856a54c5b9beee30f34a410612057f4fa097d90072fc8403c49604dacf0c3e7620dca43c2b7f0de3f954af611e43716a254c46f6f5
  languageName: node
  linkType: hard

"json-schema-traverse@npm:^0.4.1":
  version: 0.4.1
  resolution: "json-schema-traverse@npm:0.4.1"
  checksum: 6f71bddba38aa043cf9c05ff9cf37158a6657909f1dd37032ba164b76923da47a17bb4592ee4f7f9c029dfaf26965b821ac214c1f991bb3bd038c9cfea2da50b
  languageName: node
  linkType: hard

"json-schema@npm:0.2.3":
  version: 0.2.3
  resolution: "json-schema@npm:0.2.3"
  checksum: d382ea841f0af5cf6ae3b63043c6ddbd144086de52342b5dd32d8966872dce1e0ed280f6b27c5fba97e50cf8640f27b593e039cb95df365718ada03ef0feb9f2
  languageName: node
  linkType: hard

"json-stringify-safe@npm:~5.0.1":
  version: 5.0.1
  resolution: "json-stringify-safe@npm:5.0.1"
  checksum: 261dfb8eb3e72c8b0dda11fd7c20c151ffc1d1b03e529245d51708c8dd8d8c6a225880464adf41a570dff6e5c805fd9d1f47fed948cfb526e4fbe5a67ce4e5f4
  languageName: node
  linkType: hard

"jsonpath-plus@npm:^4.0.0":
  version: 4.0.0
  resolution: "jsonpath-plus@npm:4.0.0"
  checksum: c9e6bc47c8b5a0c292e981c8a1c9e9e9ed20f717ba4d33c18e50494b591ea1a9237f5fdc59fecd60cb2daeeb09aebe6f96bf59eac9532eabecbdafec36b16366
  languageName: node
  linkType: hard

"jsprim@npm:^1.2.2":
  version: 1.4.1
  resolution: "jsprim@npm:1.4.1"
  dependencies:
    assert-plus: 1.0.0
    extsprintf: 1.3.0
    json-schema: 0.2.3
    verror: 1.10.0
  checksum: ee0177b7ef39e6becf18c586d31fabe15d62be88e7867d3aff86466e4a3de9a2cd47b6e597417aebc1cd3c2d43bc662e79ab5eecdadf3ce0643e909432ed6d2c
  languageName: node
  linkType: hard

"lodash@npm:^4.13.1, lodash@npm:^4.17.19":
  version: 4.17.21
  resolution: "lodash@npm:4.17.21"
  checksum: 4983720b9abca930a4a46f18db163d7dad8dd00dbed6db0cc7b499b33b717cce69f80928b27bbb1ff2cbd3b19d251ee90669a8b5ea466072ca81c2ebe91e7468
  languageName: node
  linkType: hard

"merge-stream@npm:^2.0.0":
  version: 2.0.0
  resolution: "merge-stream@npm:2.0.0"
  checksum: cde834809a0e65485e474de3162af9853ab2a07977fd36d328947b7b3e6207df719ffb115b11085ecc570501e15a2aa8bacd772ac53f77873f53b0626e52a39a
  languageName: node
  linkType: hard

"mime-db@npm:1.47.0":
  version: 1.47.0
  resolution: "mime-db@npm:1.47.0"
  checksum: f5f9220dd53c240c9234323571f632486c663e36676ebfdca9963fb9a92d1dd28b16124bceff60868fb70743764ade8466dd5e6a1a833decde89ae6d15211503
  languageName: node
  linkType: hard

"mime-types@npm:^2.1.12, mime-types@npm:~2.1.19":
  version: 2.1.30
  resolution: "mime-types@npm:2.1.30"
  dependencies:
    mime-db: 1.47.0
  checksum: c7ca8a9980bdae0b760820aded39ea9541a8236f4abc105df645ea5b09a9c4a5299e28667c0c9596ab8e4ca84b219fd8b94b5c68e32b59891ca1f57a7e848c02
  languageName: node
  linkType: hard

"mimic-fn@npm:^2.1.0":
  version: 2.1.0
  resolution: "mimic-fn@npm:2.1.0"
  checksum: f7d2d7febe3d7dd71da0700b1d455ec6c951a96b463ffcc303c93771b9fe4e45318152ea677c241505b19b39e41d906e5052cfb382d59a44bdb6d3d57f8b467b
  languageName: node
  linkType: hard

"mitm@npm:^1.3.2":
  version: 1.7.1
  resolution: "mitm@npm:1.7.1"
  dependencies:
    semver: ">= 5 < 6"
    underscore: ">= 1.1.6 < 1.6"
  checksum: 2e47804c50dc5d380eb1bee5960321f3391067eb1b89a59fb2a51c56a2cfc2b78af98bd9a21ae5f951da483c43d9873ecc30344ca6df69d78ff3c3ee247243fc
  languageName: node
  linkType: hard

"npm-run-path@npm:^4.0.1":
  version: 4.0.1
  resolution: "npm-run-path@npm:4.0.1"
  dependencies:
    path-key: ^3.0.0
  checksum: 058fd068804f8c34fcef9393fc895d45400834c9f90bbafc57259f9fd47e8796712e4ad54524f0971b806260a118bf61ac37b0bf9f74e9e58c84bae780ae09e6
  languageName: node
  linkType: hard

"nth-check@npm:^2.0.0":
  version: 2.0.0
  resolution: "nth-check@npm:2.0.0"
  dependencies:
    boolbase: ^1.0.0
  checksum: 380a6dcf32910c783f30c62d6ae02194e8ac860faf99ff46b2248942477304351755a7ee2fa26ce289b6d078350fa14703da5cf4b3c65275032b43008a275064
  languageName: node
  linkType: hard

"oauth-sign@npm:~0.9.0":
  version: 0.9.0
  resolution: "oauth-sign@npm:0.9.0"
  checksum: af1ab60297c3a687d1d2de5c43c6453c4df6939de3e6114ada4a486ac51fa7ab1769f33000b94c0e8ffced5ae4c57c4f5d36b517792d83e9e9742578a728682e
  languageName: node
  linkType: hard

"onetime@npm:^5.1.2":
  version: 5.1.2
  resolution: "onetime@npm:5.1.2"
  dependencies:
    mimic-fn: ^2.1.0
  checksum: e425f6caeb20cf2598ffece94be5663932e34d074f1631b682b13d5f01cc1e0712a7dc711eff1706bb5a5aaab8a52e37bd5edcf560334e3222219d7e8b09c21c
  languageName: node
  linkType: hard

"optimist@npm:0.3.x":
  version: 0.3.7
  resolution: "optimist@npm:0.3.7"
  dependencies:
    wordwrap: ~0.0.2
  checksum: 6a2fb24e0eda97593c29f4bbb0ade1e7a3682ff7747bac61120c67eb2fa519328c331d188628d81027195ebde9a9a460542d2ae360422bc543568b381fcdd34c
  languageName: node
  linkType: hard

"p-retry@npm:^4.5.0":
  version: 4.5.0
  resolution: "p-retry@npm:4.5.0"
  dependencies:
    "@types/retry": ^0.12.0
    retry: ^0.12.0
  checksum: f05f4f657a7ad107f667258442097b1a588c6d9be3ee45b05356d5ca60d7d29612c30be1a9be6655c8787ac13c777d2c7e24bf6bef7a948980d49ebfab3b1661
  languageName: node
  linkType: hard

"parse5-htmlparser2-tree-adapter@npm:^6.0.1":
  version: 6.0.1
  resolution: "parse5-htmlparser2-tree-adapter@npm:6.0.1"
  dependencies:
    parse5: ^6.0.1
  checksum: d7389a60fd1930cbbde40456a5f990468d13f4b7a5550db01adde4d61e97245e90c32de2575b531408fe7a2781111f96b1c955ff23bf2f61218db712434be3e0
  languageName: node
  linkType: hard

"parse5@npm:^6.0.1":
  version: 6.0.1
  resolution: "parse5@npm:6.0.1"
  checksum: e312014edd76a6dc2eac35248ad53477b2594a7b92b7a00f66169483bb87c3d1d36660daddeb720457418dfe0893eb3ad1043085047fc3699167afa6834cb4c4
  languageName: node
  linkType: hard

"path-key@npm:^3.0.0, path-key@npm:^3.1.0":
  version: 3.1.1
  resolution: "path-key@npm:3.1.1"
  checksum: e44aa3ca9faed0440994883050143b1214fffb907bf3a7bbdba15dc84f60821617c0d84e4cc74e1d84e9274003da50427f54d739b0b47636bcbaff4ec71b9b86
  languageName: node
  linkType: hard

"performance-now@npm:^2.1.0":
  version: 2.1.0
  resolution: "performance-now@npm:2.1.0"
  checksum: bb4ebed0b03d6c3ad3ae4eddd1182c895d385cff9096af441c19c130aaae3ea70229438ebc3297dfc52c86022f6becf177a810050823d01bf5280779cd2de624
  languageName: node
  linkType: hard

"private@npm:^0.1.8":
  version: 0.1.8
  resolution: "private@npm:0.1.8"
  checksum: 4507890e0e59e27909b714e52d6e8de7e06c83c731721e8c974117bfa96c720173c2aeff048022a0ba5faefa8a354f15120fb4088729b1241fc22e78f3a25912
  languageName: node
  linkType: hard

"psl@npm:^1.1.28, psl@npm:^1.1.33":
  version: 1.8.0
  resolution: "psl@npm:1.8.0"
  checksum: 92d47c6257456878bfa8190d76b84de69bcefdc129eeee3f9fe204c15fd08d35fe5b8627033f39b455e40a9375a1474b25ff4ab2c5448dd8c8f75da692d0f5b4
  languageName: node
  linkType: hard

"punycode@npm:^2.1.0, punycode@npm:^2.1.1":
  version: 2.1.1
  resolution: "punycode@npm:2.1.1"
  checksum: 0202dc191cb35bfd88870ac99a1e824b03486d4cee20b543ef337a6dee8d8b11017da32a3e4c40b69b19976e982c030b62bd72bba42884acb691bc5ef91354c8
  languageName: node
  linkType: hard

"qs@npm:~6.5.2":
  version: 6.5.2
  resolution: "qs@npm:6.5.2"
  checksum: fa0410eff2c05ce3328e11f82db4015e7819c986ee056d6b62b06ae112f4929af09ea3b879ca168ff9f0338f50972bba487ad0e46c879e42bfaf63c3c2ea7f09
  languageName: node
  linkType: hard

"recast@npm:0.19.0":
  version: 0.19.0
  resolution: "recast@npm:0.19.0"
  dependencies:
    ast-types: 0.13.3
    esprima: ~4.0.0
    private: ^0.1.8
    source-map: ~0.6.1
  checksum: ea9f3ee4e32cfb3b2b2575465f5545baef1efadac0fbf2391501c46bfef50e9c3c8e6a1f1ef8395aca6f490d2f1a25ffc7af4e8c42360d9f89c98e1555942df2
  languageName: node
  linkType: hard

"request@npm:^2.88.2":
  version: 2.88.2
  resolution: "request@npm:2.88.2"
  dependencies:
    aws-sign2: ~0.7.0
    aws4: ^1.8.0
    caseless: ~0.12.0
    combined-stream: ~1.0.6
    extend: ~3.0.2
    forever-agent: ~0.6.1
    form-data: ~2.3.2
    har-validator: ~5.1.3
    http-signature: ~1.2.0
    is-typedarray: ~1.0.0
    isstream: ~0.1.2
    json-stringify-safe: ~5.0.1
    mime-types: ~2.1.19
    oauth-sign: ~0.9.0
    performance-now: ^2.1.0
    qs: ~6.5.2
    safe-buffer: ^5.1.2
    tough-cookie: ~2.5.0
    tunnel-agent: ^0.6.0
    uuid: ^3.3.2
  checksum: 7a74841f3024cac21d8c3cca7f7f2e4243fbd62464d2f291fddb94008a9d010e20c4a1488f4224b03412a4438a699db2a3de11019e486c8e656f86b0b79bf022
  languageName: node
  linkType: hard

"require-directory@npm:^2.1.1":
  version: 2.1.1
  resolution: "require-directory@npm:2.1.1"
  checksum: f495d02d89c385af2df4b26f0216ece091e99710d358d0ede424126c476d0c639e8bd77dcd237c00a6a5658f3d862e7513164f8c280263052667d06df830eb23
  languageName: node
  linkType: hard

"retry@npm:^0.12.0":
  version: 0.12.0
  resolution: "retry@npm:0.12.0"
  checksum: 51f2fddddb2f157a0738c53c515682813a881df566da36992f3cf0a975ea84a19434c5abbc682056e97351540bcc7ea38fce2622d0b191c3b5cc1020b71ea0f2
  languageName: node
  linkType: hard

"safe-buffer@npm:^5.0.1, safe-buffer@npm:^5.1.2":
  version: 5.2.1
  resolution: "safe-buffer@npm:5.2.1"
  checksum: 0bb57f0d8f9d1fa4fe35ad8a2db1f83a027d48f2822d59ede88fd5cd4ddad83c0b497213feb7a70fbf90597a70c5217f735b0eb1850df40ce9b4ae81dd22b3f9
  languageName: node
  linkType: hard

"safer-buffer@npm:^2.0.2, safer-buffer@npm:^2.1.0, safer-buffer@npm:~2.1.0":
  version: 2.1.2
  resolution: "safer-buffer@npm:2.1.2"
  checksum: 549ba83f5b314b59898efe3422120ce1ca7987a6eae5925a5fa5db930dc414d4a9dde0a5594f89638cd6ea60b6840ea961872908933ac2428d1726489db46fa5
  languageName: node
  linkType: hard

"semver@npm:>= 5 < 6":
  version: 5.7.1
  resolution: "semver@npm:5.7.1"
  bin:
    semver: ./bin/semver
  checksum: 06ff0ed753ebf741b7602be8faad620d6e160a2cb3f61019d00d919c8bca141638aa23c34da779b8595afdc9faa3678bfbb5f60366b6a4f65f98cf86605bbcdb
  languageName: node
  linkType: hard

"shebang-command@npm:^2.0.0":
  version: 2.0.0
  resolution: "shebang-command@npm:2.0.0"
  dependencies:
    shebang-regex: ^3.0.0
  checksum: 85aa394d8cedeedf2e03524d6defef67a2b07d3a17d7ee50d4281d62d3fca898f26ebe7aa7bf674d51b80f197aa1d346bc1a10e8efb04377b534f4322c621012
  languageName: node
  linkType: hard

"shebang-regex@npm:^3.0.0":
  version: 3.0.0
  resolution: "shebang-regex@npm:3.0.0"
  checksum: ea18044ffaf18129ced5a246660a9171a7dff98999aaa9de8abb237d8a7711d8a1f76e16881399994ee429156717ce1c6a50c665bb18a4d55a7f80b9125b1f7d
  languageName: node
  linkType: hard

"signal-exit@npm:^3.0.3":
  version: 3.0.3
  resolution: "signal-exit@npm:3.0.3"
  checksum: f8f3fec95c8d1f9ad7e3cce07e1195f84e7a85cdcb4e825e8a2b76aa5406a039083d2bc9662b3cf40e6948262f41277047d20e6fbd58c77edced0b18fab647d8
  languageName: node
  linkType: hard

"source-map@npm:~0.6.1":
  version: 0.6.1
  resolution: "source-map@npm:0.6.1"
  checksum: 8647829a0611724114022be455ca1c8a2c8ae61df81c5b3667d9b398207226a1e21174fb7bbf0b4dbeb27ac358222afb5a14f1c74a62a62b8883b012e5eb1270
  languageName: node
  linkType: hard

"sshpk@npm:^1.7.0":
  version: 1.16.1
  resolution: "sshpk@npm:1.16.1"
  dependencies:
    asn1: ~0.2.3
    assert-plus: ^1.0.0
    bcrypt-pbkdf: ^1.0.0
    dashdash: ^1.12.0
    ecc-jsbn: ~0.1.1
    getpass: ^0.1.1
    jsbn: ~0.1.0
    safer-buffer: ^2.0.2
    tweetnacl: ~0.14.0
  bin:
    sshpk-conv: bin/sshpk-conv
    sshpk-sign: bin/sshpk-sign
    sshpk-verify: bin/sshpk-verify
  checksum: 4bd7422634ec3730404186179e5d9ba913accc64449f18d594b3a757a3b81000719adc94cf0c93a7b3da42487ae42404a1f37bfaa7908a60743d4478382b9d78
  languageName: node
  linkType: hard

"string-width@npm:^4.1.0, string-width@npm:^4.2.0":
  version: 4.2.2
  resolution: "string-width@npm:4.2.2"
  dependencies:
    emoji-regex: ^8.0.0
    is-fullwidth-code-point: ^3.0.0
    strip-ansi: ^6.0.0
  checksum: d42484f5fdc50b4a573be784a06bc971e124d3fdc08779848a58d632bc88b349a33af54d1f0e1904dbd5dcbbe50651e4b39938799ebb1011a730421af1381892
  languageName: node
  linkType: hard

"strip-ansi@npm:^6.0.0":
  version: 6.0.0
  resolution: "strip-ansi@npm:6.0.0"
  dependencies:
    ansi-regex: ^5.0.0
  checksum: 10568c91cadbef182a807c38dfa718dce15a35b12fcc97b96b6b2029d0508ef66ca93fabddeb49482d9b027495d1e18591858e80f27ad26861c4967c60fd207f
  languageName: node
  linkType: hard

"strip-final-newline@npm:^2.0.0":
  version: 2.0.0
  resolution: "strip-final-newline@npm:2.0.0"
  checksum: 74dbd8a602409706748db730200efab53ba739ed7888310e74e45697efbd760981df6d6f0fa34b23e973135fb07d3b22adae6e6d58898f692a094e49692c6c33
  languageName: node
  linkType: hard

"tough-cookie@npm:^4.0.0":
  version: 4.0.0
  resolution: "tough-cookie@npm:4.0.0"
  dependencies:
    psl: ^1.1.33
    punycode: ^2.1.1
    universalify: ^0.1.2
  checksum: 161dc4728e2801c1bd3b32d4d14abd2762120d9ed0b96d892720440aa04ed0ad6c425c38195265c74366fe01d8aaf1cc0a31636cb18b82c9b6ce630743210235
  languageName: node
  linkType: hard

"tough-cookie@npm:~2.5.0":
  version: 2.5.0
  resolution: "tough-cookie@npm:2.5.0"
  dependencies:
    psl: ^1.1.28
    punycode: ^2.1.1
  checksum: bf5d6fac5ce0bebc5876cb9b9a79d3d9ea21c9e4099f3d3e64701d6ba170a052cb88cece6737ec2473bac4f0a4f6c75d46ec17985be8587c6bbdd38d91625cb4
  languageName: node
  linkType: hard

"tslib@npm:^2.0.1":
  version: 2.2.0
  resolution: "tslib@npm:2.2.0"
  checksum: 2d35468c470410871c5246e43f12dcb6d0fc363b617c176f26443b9530e5c5ee8448966892a42956168d8f495da7865bda33dfe82c26c91991e28999974a618f
  languageName: node
  linkType: hard

"tunnel-agent@npm:^0.6.0":
  version: 0.6.0
  resolution: "tunnel-agent@npm:0.6.0"
  dependencies:
    safe-buffer: ^5.0.1
  checksum: 03db75a4f994fee610d3485c492e95105ed265a9fecd49d14c98e9982f973ecc0220d0c1bc264e37802e423a1274bb63788a873e4e07009408ae3ac517347fd7
  languageName: node
  linkType: hard

"tweetnacl@npm:^0.14.3, tweetnacl@npm:~0.14.0":
  version: 0.14.5
  resolution: "tweetnacl@npm:0.14.5"
  checksum: e1c9d52e2e9f582fd0df9ea26ba5a9ab88b9a38b69625d8e55c5e8870a4832ac8c32f8854b41fce7b59f97258bb103535363f9eda7050aa70e75824b972c7dde
  languageName: node
  linkType: hard

"underscore@npm:>= 1.1.6 < 1.6":
  version: 1.5.2
  resolution: "underscore@npm:1.5.2"
  checksum: 92e7275b16a265d3ecfe5e4ad5222b351b8a23c65c7ea435c093049f04d0caaeb0e6e550b95726d9c5a816d38321787a486b44f6018a4cc801210819cbf2904a
  languageName: node
  linkType: hard

"universalify@npm:^0.1.2":
  version: 0.1.2
  resolution: "universalify@npm:0.1.2"
  checksum: 420fc6547357782c700d53e9a92506a8e95345b13e97684c8f9ab75237912ec2ebb6af8ac10d4f7406b7b6bd21c58f6c5c0811414fb0b4091b78b4743fa6806e
  languageName: node
  linkType: hard

"uri-js@npm:^4.2.2":
  version: 4.4.1
  resolution: "uri-js@npm:4.4.1"
  dependencies:
    punycode: ^2.1.0
  checksum: 7d8ae8e2d7b82480d7d337f3e53c9a89ffdc7ebb1c31f212da3df6349f2fd1e6a4361f5fb27369ecab33fa37aa85edc53aec6eb7c9a7c3207a9e0944e8c48802
  languageName: node
  linkType: hard

"uuid@npm:^3.3.2":
  version: 3.4.0
  resolution: "uuid@npm:3.4.0"
  bin:
    uuid: ./bin/uuid
  checksum: 1ce3f37e214d6d0dc94a6a9663a0365013ace66bc3fd5b203e6f5d2eeb978aaee1192367222386345d30b4c6a447928c501121aa84c637724bf105ef57284949
  languageName: node
  linkType: hard

"verror@npm:1.10.0":
  version: 1.10.0
  resolution: "verror@npm:1.10.0"
  dependencies:
    assert-plus: ^1.0.0
    core-util-is: 1.0.2
    extsprintf: ^1.2.0
  checksum: 38ea80312cb42e5e8b4ac562d108d675b2354a79f8f125d363671f692657461b9181fd26f4fc9acdca433f8afee099cb78058806e1303e6b15b8fb022affba94
  languageName: node
  linkType: hard

"vm2@npm:^3.9.2":
  version: 3.9.3
  resolution: "vm2@npm:3.9.3"
  bin:
    vm2: bin/vm2
  checksum: 2bd3204247a9c3766a0b87bccf8cee780f1f1547c6e461047724a05296c7ae991706122b638d305676f360d4d14bda12e330de5e31f37d7ecfa139fbdf2123e7
  languageName: node
  linkType: hard

"which@npm:^2.0.1":
  version: 2.0.2
  resolution: "which@npm:2.0.2"
  dependencies:
    isexe: ^2.0.0
  bin:
    node-which: ./bin/node-which
  checksum: ea9b1db1266b08f7880717cf70dd9012dd523e5a317f10fbe4d5e8c1a761c5fd237f88642f2ba33b23f973ff4002c9b26648d63084ab208d8ecef36497315f6e
  languageName: node
  linkType: hard

"wordwrap@npm:~0.0.2":
  version: 0.0.3
  resolution: "wordwrap@npm:0.0.3"
  checksum: e8c84baa721bd7bc13a88e52e1bc25dd4d14accedafe04d24fbc400ba74ae6d620ac4eff5425d5cab342d1ff43f74396272492039b7d7a804bffd2039a153ff0
  languageName: node
  linkType: hard

"wrap-ansi@npm:^7.0.0":
  version: 7.0.0
  resolution: "wrap-ansi@npm:7.0.0"
  dependencies:
    ansi-styles: ^4.0.0
    string-width: ^4.1.0
    strip-ansi: ^6.0.0
  checksum: 09939dd775ae565bb99a25a6c072fe3775a95fa71751b5533c94265fe986ba3e3ab071a027ab76cf26876bd9afd10ac3c2d06d7c4bcce148bf7d2d9514e3a0df
  languageName: node
  linkType: hard

"y18n@npm:^5.0.5":
  version: 5.0.8
  resolution: "y18n@npm:5.0.8"
  checksum: 56275bfa72a8a585c4d2905b086862fb881dfe7871adcefe4ecf4c1a6a78c6389b459b427c0a8672ccdb09731a78143acc71f0bcc8dc8d8427869fafe7f18b95
  languageName: node
  linkType: hard

"yargs-parser@npm:^20.2.2":
  version: 20.2.7
  resolution: "yargs-parser@npm:20.2.7"
  checksum: 124e7f1c24c9609d5d1c343f14b83289634e19bb43770708ebb6a19852647aaa0f89edcbf0e5b18a21bee77f54513ab5051518b2950cda69eb607a7c6251aa4f
  languageName: node
  linkType: hard

"yargs@npm:^16.2.0":
  version: 16.2.0
  resolution: "yargs@npm:16.2.0"
  dependencies:
    cliui: ^7.0.2
    escalade: ^3.1.1
    get-caller-file: ^2.0.5
    require-directory: ^2.1.1
    string-width: ^4.2.0
    y18n: ^5.0.5
    yargs-parser: ^20.2.2
  checksum: a79ce1f043021cd645de1ffebb6149541d382ba68f4a6b5eca5d2ad65af51893371bbd78e240dc3b6cf0cbb419511ba5bda715dec992e4266e6863ea49f14feb
  languageName: node
  linkType: hard
